{
  "name": "Project-1",
  "lockfileVersion": 2,
  "requires": true,
  "packages": {
    "": {
      "dependencies": {
        "@types/angular": "^1.8.4",
        "angular": "^1.8.3"
      }
    },
    "node_modules/@types/angular": {
      "version": "1.8.4",
      "resolved": "https://registry.npmjs.org/@types/angular/-/angular-1.8.4.tgz",
      "integrity": "sha512-wPS/ncJWhyxJsndsW1B6Ta8D4mi97x1yItSu+rkLDytU3oRIh2CFAjMuJceYwFAh9+DIohndWM0QBA9OU2Hv0g=="
    },
    "node_modules/angular": {
      "version": "1.8.3",
      "resolved": "https://registry.npmjs.org/angular/-/angular-1.8.3.tgz",
      "integrity": "sha512-5qjkWIQQVsHj4Sb5TcEs4WZWpFeVFHXwxEBHUhrny41D8UrBAd6T/6nPPAsLngJCReIOqi95W3mxdveveutpZw==",
      "deprecated": "For the actively supported Angular, see https://www.npmjs.com/package/@angular/core. AngularJS support has officially ended. For extended AngularJS support options, see https://goo.gle/angularjs-path-forward."
    }
  },
  "dependencies": {
    "@types/angular": {
      "version": "1.8.4",
      "resolved": "https://registry.npmjs.org/@types/angular/-/angular-1.8.4.tgz",
      "integrity": "sha512-wPS/ncJWhyxJsndsW1B6Ta8D4mi97x1yItSu+rkLDytU3oRIh2CFAjMuJceYwFAh9+DIohndWM0QBA9OU2Hv0g=="
    },
    "angular": {
      "version": "1.8.3",
      "resolved": "https://registry.npmjs.org/angular/-/angular-1.8.3.tgz",
      "integrity": "sha512-5qjkWIQQVsHj4Sb5TcEs4WZWpFeVFHXwxEBHUhrny41D8UrBAd6T/6nPPAsLngJCReIOqi95W3mxdveveutpZw=="
    }
  }
}
